{
  "name": "alura-praticando-js",
  "version": "1.0.0",
  "lockfileVersion": 3,
  "requires": true,
  "packages": {
    "": {
      "name": "alura-praticando-js",
      "version": "1.0.0",
      "dependencies": {
        "nprompt": "github:MouraoDev22/nprompt"
      }
    },
    "node_modules/nprompt": {
      "version": "1.0.0",
      "resolved": "git+ssh://git@github.com/MouraoDev22/nprompt.git#4466dddc297d62b5ffd820c6e01906f9b632cb1a",
      "license": "MIT"
    }
  }
}
