{
  "name": "alura-praticando-js",
  "lockfileVersion": 3,
  "requires": true,
  "packages": {
    "": {
      "dependencies": {
        "awt-prompt": "^1.0.4"
      }
    },
    "node_modules/awt-prompt": {
      "version": "1.0.4",
      "resolved": "https://registry.npmjs.org/awt-prompt/-/awt-prompt-1.0.4.tgz",
      "integrity": "sha512-UAF3oWMmj/gBdYPRYQe7M4V6eueFPU4RJ4d3VSO/q2hFQ/u7z4gSv63VbKg7Ua9scU/hf6yMMtZS9moq2v3X9g==",
      "license": "MIT",
      "engines": {
        "node": ">=18"
      }
    }
  }
}
